
Microsoft Visual Studio Solution File, Format Version 12.00
# Visual Studio Version 17
VisualStudioVersion = 17.7.34018.315
MinimumVisualStudioVersion = 10.0.40219.1
Project("{FAE04EC0-301F-11D3-BF4B-00C04F79EFBC}") = "Domain", "Domain\Domain.csproj", "{60FAC851-1B07-48EE-A3E1-33315BFA8448}"
EndProject
Project("{FAE04EC0-301F-11D3-BF4B-00C04F79EFBC}") = "Persistence", "Persistence\Persistence.csproj", "{298C47BD-BF54-4EEB-96E4-D3EAE29369E2}"
EndProject
Global
	GlobalSection(SolutionConfigurationPlatforms) = preSolution
		Debug|Any CPU = Debug|Any CPU
		Release|Any CPU = Release|Any CPU
	EndGlobalSection
	GlobalSection(ProjectConfigurationPlatforms) = postSolution
		{60FAC851-1B07-48EE-A3E1-33315BFA8448}.Debug|Any CPU.ActiveCfg = Debug|Any CPU
		{60FAC851-1B07-48EE-A3E1-33315BFA8448}.Debug|Any CPU.Build.0 = Debug|Any CPU
		{60FAC851-1B07-48EE-A3E1-33315BFA8448}.Release|Any CPU.ActiveCfg = Release|Any CPU
		{60FAC851-1B07-48EE-A3E1-33315BFA8448}.Release|Any CPU.Build.0 = Release|Any CPU
		{298C47BD-BF54-4EEB-96E4-D3EAE29369E2}.Debug|Any CPU.ActiveCfg = Debug|Any CPU
		{298C47BD-BF54-4EEB-96E4-D3EAE29369E2}.Debug|Any CPU.Build.0 = Debug|Any CPU
		{298C47BD-BF54-4EEB-96E4-D3EAE29369E2}.Release|Any CPU.ActiveCfg = Release|Any CPU
		{298C47BD-BF54-4EEB-96E4-D3EAE29369E2}.Release|Any CPU.Build.0 = Release|Any CPU
	EndGlobalSection
	GlobalSection(SolutionProperties) = preSolution
		HideSolutionNode = FALSE
	EndGlobalSection
	GlobalSection(ExtensibilityGlobals) = postSolution
		SolutionGuid = {FA9034DF-B78C-48C0-A77E-20FC02D846F1}
	EndGlobalSection
EndGlobal
